auspice/rsv_A.json
auspice/rsv_A_noinsertions.json
results/insertions_A.json
results/tree_A.nwk
results/metadata_A.tsv
results/branch_lengths_A.json
results/nt_muts_A.json
results/aa_muts_A.json
config/auspice_config.json
config/description.md
results/tree_raw_A.nwk
results/aligned_A.fasta
results/metadata_A.tsv
results/aligned_A.fasta
results/filtered_A.fasta
config/rsv_A_step1_reference.fasta
config/genemap_A_step1.gff
results/sequences_A.fasta
results/metadata_A.tsv
config/dropped_strains.txt
data/rsv_A_genome.fasta
results/tree_A.nwk
results/aligned_A.fasta
results/tree_A.nwk
results/nt_muts_A.json
config/rsv_A_step1_reference.gb
results/insertions_A.tsv
results/tree_A.nwk
config/genemap_A_step1.gff
